<?xml version="1.0" encoding="utf-8"?>
<Project ToolsVersion="4.0" xmlns="http://schemas.microsoft.com/developer/msbuild/2003">
  <ItemGroup>
    <ClCompile Include="FlappyBird.cpp">
      <Filter>Game\Cpp</Filter>
    </ClCompile>
    <ClCompile Include="LevelMainMenu.cpp">
      <Filter>Game\Cpp</Filter>
    </ClCompile>
    <ClCompile Include="LevelPlayerWins.cpp">
      <Filter>Game\Cpp</Filter>
    </ClCompile>
    <ClCompile Include="Button.cpp">
      <Filter>Engine\Cpp</Filter>
    </ClCompile>
    <ClCompile Include="Cursor.cpp">
      <Filter>Engine\Cpp</Filter>
    </ClCompile>
    <ClCompile Include="DxSound.cpp">
      <Filter>Engine\Cpp</Filter>
    </ClCompile>
    <ClCompile Include="Enemy.cpp">
      <Filter>Engine\Cpp</Filter>
    </ClCompile>
    <ClCompile Include="Game.cpp">
      <Filter>Engine\Cpp</Filter>
    </ClCompile>
    <ClCompile Include="GameObject.cpp">
      <Filter>Engine\Cpp</Filter>
    </ClCompile>
    <ClCompile Include="GameSprite.cpp">
      <Filter>Engine\Cpp</Filter>
    </ClCompile>
    <ClCompile Include="GameTime.cpp">
      <Filter>Engine\Cpp</Filter>
    </ClCompile>
    <ClCompile Include="Graphics.cpp">
      <Filter>Engine\Cpp</Filter>
    </ClCompile>
    <ClCompile Include="Pictures.cpp">
      <Filter>Engine\Cpp</Filter>
    </ClCompile>
    <ClCompile Include="Platform.cpp">
      <Filter>Engine\Cpp</Filter>
    </ClCompile>
    <ClCompile Include="Player.cpp">
      <Filter>Engine\Cpp</Filter>
    </ClCompile>
    <ClCompile Include="PlayerInput.cpp">
      <Filter>Engine\Cpp</Filter>
    </ClCompile>
    <ClCompile Include="WinMain.cpp">
      <Filter>Engine\Cpp</Filter>
    </ClCompile>
    <ClCompile Include="GameEngine.cpp">
      <Filter>Engine\Cpp</Filter>
    </ClCompile>
    <ClCompile Include="GameCamera.cpp">
      <Filter>Engine\Cpp</Filter>
    </ClCompile>
    <ClCompile Include="Network.cpp">
      <Filter>Engine\Cpp</Filter>
    </ClCompile>
  </ItemGroup>
  <ItemGroup>
    <ClInclude Include="FlappyBird.h">
      <Filter>Game\Header</Filter>
    </ClInclude>
    <ClInclude Include="LevelMainMenu.h">
      <Filter>Game\Header</Filter>
    </ClInclude>
    <ClInclude Include="LevelPlayerWins.h">
      <Filter>Game\Header</Filter>
    </ClInclude>
    <ClInclude Include="Button.h">
      <Filter>Engine\Header</Filter>
    </ClInclude>
    <ClInclude Include="Constants.h">
      <Filter>Engine\Header</Filter>
    </ClInclude>
    <ClInclude Include="Cursor.h">
      <Filter>Engine\Header</Filter>
    </ClInclude>
    <ClInclude Include="DxSound.h">
      <Filter>Engine\Header</Filter>
    </ClInclude>
    <ClInclude Include="Enemy.h">
      <Filter>Engine\Header</Filter>
    </ClInclude>
    <ClInclude Include="Game.h">
      <Filter>Engine\Header</Filter>
    </ClInclude>
    <ClInclude Include="GameObject.h">
      <Filter>Engine\Header</Filter>
    </ClInclude>
    <ClInclude Include="GameSprite.h">
      <Filter>Engine\Header</Filter>
    </ClInclude>
    <ClInclude Include="GameTime.h">
      <Filter>Engine\Header</Filter>
    </ClInclude>
    <ClInclude Include="Graphics.h">
      <Filter>Engine\Header</Filter>
    </ClInclude>
    <ClInclude Include="Pictures.h">
      <Filter>Engine\Header</Filter>
    </ClInclude>
    <ClInclude Include="Platform.h">
      <Filter>Engine\Header</Filter>
    </ClInclude>
    <ClInclude Include="Player.h">
      <Filter>Engine\Header</Filter>
    </ClInclude>
    <ClInclude Include="PlayerInput.h">
      <Filter>Engine\Header</Filter>
    </ClInclude>
    <ClInclude Include="GameEngine.h">
      <Filter>Engine\Header</Filter>
    </ClInclude>
    <ClInclude Include="GameCamera.h">
      <Filter>Engine\Header</Filter>
    </ClInclude>
    <ClInclude Include="Network.h">
      <Filter>Engine\Header</Filter>
    </ClInclude>
  </ItemGroup>
  <ItemGroup>
    <ClCompile Include="WinMain.cpp">
      <Filter>Source Files</Filter>
    </ClCompile>
    <ClCompile Include="Graphics.cpp">
      <Filter>Source Files</Filter>
    </ClCompile>
    <ClCompile Include="GameSprite.cpp">
      <Filter>Source Files</Filter>
    </ClCompile>
    <ClCompile Include="Player.cpp">
      <Filter>Source Files</Filter>
    </ClCompile>
    <ClCompile Include="PlayerInput.cpp">
      <Filter>Source Files</Filter>
    </ClCompile>
    <ClCompile Include="Game.cpp">
      <Filter>Source Files</Filter>
    </ClCompile>
    <ClCompile Include="GameObject.cpp">
      <Filter>Source Files</Filter>
    </ClCompile>
    <ClCompile Include="GameTime.cpp">
      <Filter>Source Files</Filter>
    </ClCompile>
    <ClCompile Include="LevelMainMenu.cpp">
      <Filter>Source Files</Filter>
    </ClCompile>
    <ClCompile Include="DxSound.cpp">
      <Filter>Source Files</Filter>
    </ClCompile>
    <ClCompile Include="Button.cpp">
      <Filter>Source Files</Filter>
    </ClCompile>
    <ClCompile Include="Cursor.cpp">
      <Filter>Source Files</Filter>
    </ClCompile>
    <ClCompile Include="Enemy.cpp">
      <Filter>Source Files</Filter>
    </ClCompile>
    <ClCompile Include="Platform.cpp">
      <Filter>Source Files</Filter>
    </ClCompile>
    <ClCompile Include="LevelPlayerWins.cpp">
      <Filter>Source Files</Filter>
    </ClCompile>
  </ItemGroup>
  <ItemGroup>
    <ClInclude Include="Button.h" />
    <ClInclude Include="Cursor.h" />
    <ClInclude Include="DxSound.h" />
    <ClInclude Include="Enemy.h" />
    <ClInclude Include="Game.h" />
    <ClInclude Include="GameObject.h" />
    <ClInclude Include="GameSprite.h" />
    <ClInclude Include="GameTime.h" />
    <ClInclude Include="Graphics.h" />
    <ClInclude Include="Constants.h" />
    <ClInclude Include="LevelMainMenu.h" />
    <ClInclude Include="Platform.h" />
    <ClInclude Include="LevelPlayerWins.h" />
    <ClInclude Include="Player.h" />
    <ClInclude Include="PlayerInput.h" />
  </ItemGroup>
  <ItemGroup>
    <Text Include="FontFormats.txt">
      <Filter>Engine\Resources</Filter>
    </Text>
    <Text Include="TileMap.txt">
      <Filter>Game\TextFiles</Filter>
    </Text>
    <Text Include="FontFormats.txt">
      <Filter>Game\TextFiles</Filter>
    </Text>
  </ItemGroup>
  <ItemGroup>
    <Filter Include="Game">
      <UniqueIdentifier>{cb04d916-ed84-48be-b238-39391cff5b82}</UniqueIdentifier>
    </Filter>
    <Filter Include="Engine">
      <UniqueIdentifier>{d395166a-d3e2-4ece-9183-8a8eeb269617}</UniqueIdentifier>
    </Filter>
    <Filter Include="Game\Header">
      <UniqueIdentifier>{ec33fae3-525b-4efd-95ae-fce0ecb2884e}</UniqueIdentifier>
    </Filter>
    <Filter Include="Game\Cpp">
      <UniqueIdentifier>{3a620d3b-eefa-4a62-879a-eb5b609d4217}</UniqueIdentifier>
    </Filter>
    <Filter Include="Engine\Header">
      <UniqueIdentifier>{3086024f-4287-48d3-9692-6b7ed0b9965a}</UniqueIdentifier>
    </Filter>
    <Filter Include="Engine\Cpp">
      <UniqueIdentifier>{faa1ef5f-4085-4197-a287-2585d00e125f}</UniqueIdentifier>
    </Filter>
    <Filter Include="Engine\Resources">
      <UniqueIdentifier>{d4f8e354-115f-43f0-be06-6fbd8fc20af1}</UniqueIdentifier>
    </Filter>
    <Filter Include="Game\TextFiles">
      <UniqueIdentifier>{564e6527-4b15-4330-87a0-9c746efcdd9a}</UniqueIdentifier>
    </Filter>
  </ItemGroup>
  <ItemGroup>
    <Library Include="C:\Program Files (x86)\FMOD SoundSystem\FMOD Programmers API Windows\api\lib\fmodex_vc.lib">
      <Filter>Engine\Resources</Filter>
    </Library>
  </ItemGroup>
</Project>